
Microsoft Visual Studio Solution File, Format Version 12.00
# Visual Studio Version 16
VisualStudioVersion = 16.0.31727.386
MinimumVisualStudioVersion = 10.0.40219.1
Project("{FAE04EC0-301F-11D3-BF4B-00C04F79EFBC}") = "SomaSimples", "SomaSimples\SomaSimples.csproj", "{8536BF45-173B-4DE8-B440-BFB8ACB1455E}"
EndProject
Project("{FAE04EC0-301F-11D3-BF4B-00C04F79EFBC}") = "DDD", "DDD\DDD.csproj", "{B85CF7ED-5052-4B70-B48E-BDB7A2B7681E}"
EndProject
Project("{FAE04EC0-301F-11D3-BF4B-00C04F79EFBC}") = "Multiplos", "Multiplos\Multiplos.csproj", "{62716C17-9573-49CF-8F37-D93D34A90FE0}"
EndProject
Project("{FAE04EC0-301F-11D3-BF4B-00C04F79EFBC}") = "NumerosImpares", "NumerosImpares\NumerosImpares.csproj", "{C0E20A7A-AE8F-4788-A0B8-149727F1157E}"
EndProject
Project("{FAE04EC0-301F-11D3-BF4B-00C04F79EFBC}") = "ConversaoDeTempo", "ConversaoDeTempo\ConversaoDeTempo.csproj", "{ADDFF182-5D8B-40B5-8035-808FFA4464E3}"
EndProject
Project("{FAE04EC0-301F-11D3-BF4B-00C04F79EFBC}") = "TempoDoDobby", "TempoDoDobby\TempoDoDobby.csproj", "{1E3B0784-7064-4B12-B3BB-3E95F49A2C47}"
EndProject
Project("{FAE04EC0-301F-11D3-BF4B-00C04F79EFBC}") = "TipoDeCombustivel", "TipoDeCombustivel\TipoDeCombustivel.csproj", "{473B34E4-F474-4297-909A-F40EFD3411F1}"
EndProject
Project("{FAE04EC0-301F-11D3-BF4B-00C04F79EFBC}") = "OMaior", "OMaior\OMaior.csproj", "{38AA7C2D-4E91-4D51-9BA0-58C049EEB173}"
EndProject
Project("{FAE04EC0-301F-11D3-BF4B-00C04F79EFBC}") = "ValidacaoDeNota", "ValidacaoDeNota\ValidacaoDeNota.csproj", "{E1441775-4A8E-492C-82E7-3C1535587C7A}"
EndProject
Project("{FAE04EC0-301F-11D3-BF4B-00C04F79EFBC}") = "TiposDeTriangulos", "TiposDeTriangulos\TiposDeTriangulos.csproj", "{64206B09-556B-41CD-A1FA-078A0B52E5BE}"
EndProject
Project("{FAE04EC0-301F-11D3-BF4B-00C04F79EFBC}") = "SequenciaLogica2", "SequenciaLogica2\SequenciaLogica2.csproj", "{373D2810-3673-4795-8BE2-43B255653B83}"
EndProject
Project("{FAE04EC0-301F-11D3-BF4B-00C04F79EFBC}") = "CoodernadasDeUmPonto", "CoodernadasDeUmPonto\CoodernadasDeUmPonto.csproj", "{B8F2BCEB-E8DC-4DDB-B073-50B81D77F58F}"
EndProject
Global
	GlobalSection(SolutionConfigurationPlatforms) = preSolution
		Debug|Any CPU = Debug|Any CPU
		Release|Any CPU = Release|Any CPU
	EndGlobalSection
	GlobalSection(ProjectConfigurationPlatforms) = postSolution
		{8536BF45-173B-4DE8-B440-BFB8ACB1455E}.Debug|Any CPU.ActiveCfg = Debug|Any CPU
		{8536BF45-173B-4DE8-B440-BFB8ACB1455E}.Debug|Any CPU.Build.0 = Debug|Any CPU
		{8536BF45-173B-4DE8-B440-BFB8ACB1455E}.Release|Any CPU.ActiveCfg = Release|Any CPU
		{8536BF45-173B-4DE8-B440-BFB8ACB1455E}.Release|Any CPU.Build.0 = Release|Any CPU
		{B85CF7ED-5052-4B70-B48E-BDB7A2B7681E}.Debug|Any CPU.ActiveCfg = Debug|Any CPU
		{B85CF7ED-5052-4B70-B48E-BDB7A2B7681E}.Debug|Any CPU.Build.0 = Debug|Any CPU
		{B85CF7ED-5052-4B70-B48E-BDB7A2B7681E}.Release|Any CPU.ActiveCfg = Release|Any CPU
		{B85CF7ED-5052-4B70-B48E-BDB7A2B7681E}.Release|Any CPU.Build.0 = Release|Any CPU
		{62716C17-9573-49CF-8F37-D93D34A90FE0}.Debug|Any CPU.ActiveCfg = Debug|Any CPU
		{62716C17-9573-49CF-8F37-D93D34A90FE0}.Debug|Any CPU.Build.0 = Debug|Any CPU
		{62716C17-9573-49CF-8F37-D93D34A90FE0}.Release|Any CPU.ActiveCfg = Release|Any CPU
		{62716C17-9573-49CF-8F37-D93D34A90FE0}.Release|Any CPU.Build.0 = Release|Any CPU
		{C0E20A7A-AE8F-4788-A0B8-149727F1157E}.Debug|Any CPU.ActiveCfg = Debug|Any CPU
		{C0E20A7A-AE8F-4788-A0B8-149727F1157E}.Debug|Any CPU.Build.0 = Debug|Any CPU
		{C0E20A7A-AE8F-4788-A0B8-149727F1157E}.Release|Any CPU.ActiveCfg = Release|Any CPU
		{C0E20A7A-AE8F-4788-A0B8-149727F1157E}.Release|Any CPU.Build.0 = Release|Any CPU
		{ADDFF182-5D8B-40B5-8035-808FFA4464E3}.Debug|Any CPU.ActiveCfg = Debug|Any CPU
		{ADDFF182-5D8B-40B5-8035-808FFA4464E3}.Debug|Any CPU.Build.0 = Debug|Any CPU
		{ADDFF182-5D8B-40B5-8035-808FFA4464E3}.Release|Any CPU.ActiveCfg = Release|Any CPU
		{ADDFF182-5D8B-40B5-8035-808FFA4464E3}.Release|Any CPU.Build.0 = Release|Any CPU
		{1E3B0784-7064-4B12-B3BB-3E95F49A2C47}.Debug|Any CPU.ActiveCfg = Debug|Any CPU
		{1E3B0784-7064-4B12-B3BB-3E95F49A2C47}.Debug|Any CPU.Build.0 = Debug|Any CPU
		{1E3B0784-7064-4B12-B3BB-3E95F49A2C47}.Release|Any CPU.ActiveCfg = Release|Any CPU
		{1E3B0784-7064-4B12-B3BB-3E95F49A2C47}.Release|Any CPU.Build.0 = Release|Any CPU
		{473B34E4-F474-4297-909A-F40EFD3411F1}.Debug|Any CPU.ActiveCfg = Debug|Any CPU
		{473B34E4-F474-4297-909A-F40EFD3411F1}.Debug|Any CPU.Build.0 = Debug|Any CPU
		{473B34E4-F474-4297-909A-F40EFD3411F1}.Release|Any CPU.ActiveCfg = Release|Any CPU
		{473B34E4-F474-4297-909A-F40EFD3411F1}.Release|Any CPU.Build.0 = Release|Any CPU
		{38AA7C2D-4E91-4D51-9BA0-58C049EEB173}.Debug|Any CPU.ActiveCfg = Debug|Any CPU
		{38AA7C2D-4E91-4D51-9BA0-58C049EEB173}.Debug|Any CPU.Build.0 = Debug|Any CPU
		{38AA7C2D-4E91-4D51-9BA0-58C049EEB173}.Release|Any CPU.ActiveCfg = Release|Any CPU
		{38AA7C2D-4E91-4D51-9BA0-58C049EEB173}.Release|Any CPU.Build.0 = Release|Any CPU
		{E1441775-4A8E-492C-82E7-3C1535587C7A}.Debug|Any CPU.ActiveCfg = Debug|Any CPU
		{E1441775-4A8E-492C-82E7-3C1535587C7A}.Debug|Any CPU.Build.0 = Debug|Any CPU
		{E1441775-4A8E-492C-82E7-3C1535587C7A}.Release|Any CPU.ActiveCfg = Release|Any CPU
		{E1441775-4A8E-492C-82E7-3C1535587C7A}.Release|Any CPU.Build.0 = Release|Any CPU
		{64206B09-556B-41CD-A1FA-078A0B52E5BE}.Debug|Any CPU.ActiveCfg = Debug|Any CPU
		{64206B09-556B-41CD-A1FA-078A0B52E5BE}.Debug|Any CPU.Build.0 = Debug|Any CPU
		{64206B09-556B-41CD-A1FA-078A0B52E5BE}.Release|Any CPU.ActiveCfg = Release|Any CPU
		{64206B09-556B-41CD-A1FA-078A0B52E5BE}.Release|Any CPU.Build.0 = Release|Any CPU
		{373D2810-3673-4795-8BE2-43B255653B83}.Debug|Any CPU.ActiveCfg = Debug|Any CPU
		{373D2810-3673-4795-8BE2-43B255653B83}.Debug|Any CPU.Build.0 = Debug|Any CPU
		{373D2810-3673-4795-8BE2-43B255653B83}.Release|Any CPU.ActiveCfg = Release|Any CPU
		{373D2810-3673-4795-8BE2-43B255653B83}.Release|Any CPU.Build.0 = Release|Any CPU
		{B8F2BCEB-E8DC-4DDB-B073-50B81D77F58F}.Debug|Any CPU.ActiveCfg = Debug|Any CPU
		{B8F2BCEB-E8DC-4DDB-B073-50B81D77F58F}.Debug|Any CPU.Build.0 = Debug|Any CPU
		{B8F2BCEB-E8DC-4DDB-B073-50B81D77F58F}.Release|Any CPU.ActiveCfg = Release|Any CPU
		{B8F2BCEB-E8DC-4DDB-B073-50B81D77F58F}.Release|Any CPU.Build.0 = Release|Any CPU
	EndGlobalSection
	GlobalSection(SolutionProperties) = preSolution
		HideSolutionNode = FALSE
	EndGlobalSection
	GlobalSection(ExtensibilityGlobals) = postSolution
		SolutionGuid = {956D4528-E66F-4A9A-A1A1-E0AFA5A9AD52}
	EndGlobalSection
EndGlobal
